PODS:
  - Alamofire (4.3.0)
  - Kingfisher (3.2.4)
  - MMWormhole (2.0.0):
    - MMWormhole/Core (= 2.0.0)
  - MMWormhole/Core (2.0.0)
  - SwiftyJSON (3.1.4)

DEPENDENCIES:
  - Alamofire (~> 4.0)
  - Kingfisher (~> 3.0)
  - MMWormhole (~> 2.0.0)
  - SwiftyJSON

SPEC CHECKSUMS:
  Alamofire: 856a113053a7bc9cbe5d6367a555d773fc5cfef7
  Kingfisher: 8d80f39da403cd9c9ee11984e1655f4d6a566cdb
  MMWormhole: 0cd3fd35a9118b2e2d762b499f54eeaace0be791
  SwiftyJSON: c2842d878f95482ffceec5709abc3d05680c0220

PODFILE CHECKSUM: ee6a26a58932b5f337403d5a5ce54cf71a8cfe41

COCOAPODS: 1.1.1
